{
    "_readme": [
        "This file locks the dependencies of your project to a known state",
        "Read more about it at http://getcomposer.org/doc/01-basic-usage.md#composer-lock-the-lock-file",
        "This file is @generated automatically"
    ],
    "hash": "94e618cb9767e7d0ff950846a54c7c59",
    "packages": [
        {
            "name": "erusev/parsedown",
            "version": "1.5.2",
            "source": {
                "type": "git",
                "url": "https://github.com/erusev/parsedown.git",
                "reference": "468d1e3da8bde049debee7f484a4f9c4b26b41ba"
            },
            "dist": {
                "type": "zip",
                "url": "https://api.github.com/repos/erusev/parsedown/zipball/468d1e3da8bde049debee7f484a4f9c4b26b41ba",
                "reference": "468d1e3da8bde049debee7f484a4f9c4b26b41ba",
                "shasum": ""
            },
            "type": "library",
            "autoload": {
                "psr-0": {
                    "Parsedown": ""
                }
            },
            "notification-url": "https://packagist.org/downloads/",
            "license": [
                "MIT"
            ],
            "authors": [
                {
                    "name": "Emanuil Rusev",
                    "email": "hello@erusev.com",
                    "homepage": "http://erusev.com"
                }
            ],
            "description": "Parser for Markdown.",
            "homepage": "http://parsedown.org",
            "keywords": [
                "markdown",
                "parser"
            ],
            "time": "2015-03-18 18:44:57"
        },
        {
            "name": "mnapoli/front-yaml",
            "version": "dev-master",
            "source": {
                "type": "git",
                "url": "https://github.com/mnapoli/FrontYAML.git",
                "reference": "642ac04ed7f3ef7d0d61ffb66bb48aa25d1050fa"
            },
            "dist": {
                "type": "zip",
                "url": "https://api.github.com/repos/mnapoli/FrontYAML/zipball/642ac04ed7f3ef7d0d61ffb66bb48aa25d1050fa",
                "reference": "642ac04ed7f3ef7d0d61ffb66bb48aa25d1050fa",
                "shasum": ""
            },
            "require": {
                "erusev/parsedown": "~1.0",
                "symfony/yaml": "~2.1"
            },
            "require-dev": {
                "league/commonmark": "~0.7",
                "phpunit/phpunit": "~4.5"
            },
            "type": "library",
            "autoload": {
                "psr-4": {
                    "Mni\\FrontYAML\\": "src/"
                }
            },
            "notification-url": "https://packagist.org/downloads/",
            "license": [
                "MIT"
            ],
            "time": "2015-03-09 09:51:07"
        },
        {
            "name": "symfony/yaml",
            "version": "v2.6.6",
            "target-dir": "Symfony/Component/Yaml",
            "source": {
                "type": "git",
                "url": "https://github.com/symfony/Yaml.git",
                "reference": "174f009ed36379a801109955fc5a71a49fe62dd4"
            },
            "dist": {
                "type": "zip",
                "url": "https://api.github.com/repos/symfony/Yaml/zipball/174f009ed36379a801109955fc5a71a49fe62dd4",
                "reference": "174f009ed36379a801109955fc5a71a49fe62dd4",
                "shasum": ""
            },
            "require": {
                "php": ">=5.3.3"
            },
            "require-dev": {
                "symfony/phpunit-bridge": "~2.7"
            },
            "type": "library",
            "extra": {
                "branch-alias": {
                    "dev-master": "2.6-dev"
                }
            },
            "autoload": {
                "psr-0": {
                    "Symfony\\Component\\Yaml\\": ""
                }
            },
            "notification-url": "https://packagist.org/downloads/",
            "license": [
                "MIT"
            ],
            "authors": [
                {
                    "name": "Symfony Community",
                    "homepage": "http://symfony.com/contributors"
                },
                {
                    "name": "Fabien Potencier",
                    "email": "fabien@symfony.com"
                }
            ],
            "description": "Symfony Yaml Component",
            "homepage": "http://symfony.com",
            "time": "2015-03-30 15:54:10"
        }
    ],
    "packages-dev": [],
    "aliases": [],
    "minimum-stability": "stable",
    "stability-flags": {
        "mnapoli/front-yaml": 20
    },
    "prefer-stable": false,
    "prefer-lowest": false,
    "platform": [],
    "platform-dev": []
}
